
Microsoft Visual Studio Solution File, Format Version 12.00
# Visual Studio Version 17
VisualStudioVersion = 17.3.32922.545
MinimumVisualStudioVersion = 10.0.40219.1
Project("{FAE04EC0-301F-11D3-BF4B-00C04F79EFBC}") = "metodo_hotel_1", "metodos_hotel\metodo_hotel_1.csproj", "{A52B07AF-54FB-49E9-A7BB-49C22C690370}"
EndProject
Project("{FAE04EC0-301F-11D3-BF4B-00C04F79EFBC}") = "metodo_hotel_2", "metodo_hotel_2\metodo_hotel_2.csproj", "{F0DDDE4C-3C93-4879-92FC-02C2C5EEA10E}"
EndProject
Project("{FAE04EC0-301F-11D3-BF4B-00C04F79EFBC}") = "Ps1_3_Práctica Hotel", "Ps1_3_Práctica Hotel\Ps1_3_Práctica Hotel.csproj", "{2FDF9D98-FB5D-41E8-BCF3-0A45F153753B}"
EndProject
Global
	GlobalSection(SolutionConfigurationPlatforms) = preSolution
		Debug|Any CPU = Debug|Any CPU
		Release|Any CPU = Release|Any CPU
	EndGlobalSection
	GlobalSection(ProjectConfigurationPlatforms) = postSolution
		{A52B07AF-54FB-49E9-A7BB-49C22C690370}.Debug|Any CPU.ActiveCfg = Debug|Any CPU
		{A52B07AF-54FB-49E9-A7BB-49C22C690370}.Debug|Any CPU.Build.0 = Debug|Any CPU
		{A52B07AF-54FB-49E9-A7BB-49C22C690370}.Release|Any CPU.ActiveCfg = Release|Any CPU
		{A52B07AF-54FB-49E9-A7BB-49C22C690370}.Release|Any CPU.Build.0 = Release|Any CPU
		{F0DDDE4C-3C93-4879-92FC-02C2C5EEA10E}.Debug|Any CPU.ActiveCfg = Debug|Any CPU
		{F0DDDE4C-3C93-4879-92FC-02C2C5EEA10E}.Debug|Any CPU.Build.0 = Debug|Any CPU
		{F0DDDE4C-3C93-4879-92FC-02C2C5EEA10E}.Release|Any CPU.ActiveCfg = Release|Any CPU
		{F0DDDE4C-3C93-4879-92FC-02C2C5EEA10E}.Release|Any CPU.Build.0 = Release|Any CPU
		{2FDF9D98-FB5D-41E8-BCF3-0A45F153753B}.Debug|Any CPU.ActiveCfg = Debug|Any CPU
		{2FDF9D98-FB5D-41E8-BCF3-0A45F153753B}.Debug|Any CPU.Build.0 = Debug|Any CPU
		{2FDF9D98-FB5D-41E8-BCF3-0A45F153753B}.Release|Any CPU.ActiveCfg = Release|Any CPU
		{2FDF9D98-FB5D-41E8-BCF3-0A45F153753B}.Release|Any CPU.Build.0 = Release|Any CPU
	EndGlobalSection
	GlobalSection(SolutionProperties) = preSolution
		HideSolutionNode = FALSE
	EndGlobalSection
	GlobalSection(ExtensibilityGlobals) = postSolution
		SolutionGuid = {78092981-2D19-4EE5-A7DD-E1985426B121}
	EndGlobalSection
EndGlobal
